
Microsoft Visual Studio Solution File, Format Version 12.00
# Visual Studio Version 16
VisualStudioVersion = 25.0.1704.3
MinimumVisualStudioVersion = 10.0.40219.1
Project("{FAE04EC0-301F-11D3-BF4B-00C04F79EFBC}") = "SenderMicroservice", "SenderMicroservice\SenderMicroservice.csproj", "{5208115E-DF99-48E5-A0B5-BF40B8F736E3}"
EndProject
Project("{FAE04EC0-301F-11D3-BF4B-00C04F79EFBC}") = "ReceiverMicroservice", "ReceiverMicroservice\ReceiverMicroservice.csproj", "{2B4EF152-A5BA-47C9-BCC7-94D6F8D52E26}"
EndProject
Global
	GlobalSection(SolutionConfigurationPlatforms) = preSolution
		Debug|Any CPU = Debug|Any CPU
		Release|Any CPU = Release|Any CPU
	EndGlobalSection
	GlobalSection(ProjectConfigurationPlatforms) = postSolution
		{5208115E-DF99-48E5-A0B5-BF40B8F736E3}.Debug|Any CPU.ActiveCfg = Debug|Any CPU
		{5208115E-DF99-48E5-A0B5-BF40B8F736E3}.Debug|Any CPU.Build.0 = Debug|Any CPU
		{5208115E-DF99-48E5-A0B5-BF40B8F736E3}.Release|Any CPU.ActiveCfg = Release|Any CPU
		{5208115E-DF99-48E5-A0B5-BF40B8F736E3}.Release|Any CPU.Build.0 = Release|Any CPU
		{2B4EF152-A5BA-47C9-BCC7-94D6F8D52E26}.Debug|Any CPU.ActiveCfg = Debug|Any CPU
		{2B4EF152-A5BA-47C9-BCC7-94D6F8D52E26}.Debug|Any CPU.Build.0 = Debug|Any CPU
		{2B4EF152-A5BA-47C9-BCC7-94D6F8D52E26}.Release|Any CPU.ActiveCfg = Release|Any CPU
		{2B4EF152-A5BA-47C9-BCC7-94D6F8D52E26}.Release|Any CPU.Build.0 = Release|Any CPU
	EndGlobalSection
	GlobalSection(SolutionProperties) = preSolution
		HideSolutionNode = FALSE
	EndGlobalSection
	GlobalSection(ExtensibilityGlobals) = postSolution
		SolutionGuid = {014C477C-B3C9-4C64-AB4B-A47766DC51F0}
	EndGlobalSection
EndGlobal
